{
  "name": "shackle-breaker-2",
  "version": "1.0.0",
  "lockfileVersion": 3,
  "requires": true,
  "packages": {
    "": {
      "name": "shackle-breaker-2",
      "version": "1.0.0",
      "license": "ISC",
      "workspaces": [
        "shared",
        "frontend",
        "backend"
      ]
    },
    "backend": {
      "name": "@shackle-breaker/backend",
      "version": "1.0.0",
      "license": "ISC",
      "dependencies": {
        "@shackle-breaker/shared": "^1.0.0"
      },
      "devDependencies": {}
    },
    "frontend": {
      "name": "@shackle-breaker/frontend",
      "version": "1.0.0",
      "license": "ISC",
      "dependencies": {
        "@shackle-breaker/shared": "^1.0.0"
      }
    },
    "node_modules/@shackle-breaker/backend": {
      "resolved": "backend",
      "link": true
    },
    "node_modules/@shackle-breaker/frontend": {
      "resolved": "frontend",
      "link": true
    },
    "node_modules/@shackle-breaker/shared": {
      "resolved": "shared",
      "link": true
    },
    "shared": {
      "name": "@shackle-breaker/shared",
      "version": "1.0.0",
      "license": "ISC"
    }
  }
}
